
Microsoft Visual Studio Solution File, Format Version 12.00
# Visual Studio Version 17
VisualStudioVersion = 17.8.34408.163
MinimumVisualStudioVersion = 10.0.40219.1
Project("{9A19103F-16F7-4668-BE54-9A1E7A4F7556}") = "ManticoreCapital.Infrastructure.Repositories", "src\ManticoreCapital.Infrastructure.Repository\ManticoreCapital.Infrastructure.Repositories.csproj", "{A8F11F87-2DAD-4D73-BAA2-39E5D7D34BA8}"
EndProject
Project("{9A19103F-16F7-4668-BE54-9A1E7A4F7556}") = "ManticoreCapital.Infrastructure.Interfaces", "src\ManticoreCapital.Infrastructure.Interfaces\ManticoreCapital.Infrastructure.Interfaces.csproj", "{0016363A-A93C-48D4-B74D-3BE9DF0CC363}"
EndProject
Project("{9A19103F-16F7-4668-BE54-9A1E7A4F7556}") = "ManticoreCapital.Infrastructure.Data", "src\ManticoreCapital.Infrastructure.Data\ManticoreCapital.Infrastructure.Data.csproj", "{08D8EFBE-20FF-46D6-858E-47E3C883CD3F}"
EndProject
Project("{9A19103F-16F7-4668-BE54-9A1E7A4F7556}") = "ManticoreCapital.Transversal.Interfaces", "src\ManticoreCapital.Transversal.Interfaces\ManticoreCapital.Transversal.Interfaces.csproj", "{4286CA12-D5ED-480C-8A56-AF65CA1402D9}"
EndProject
Project("{9A19103F-16F7-4668-BE54-9A1E7A4F7556}") = "ManticoreCapital.Transversal.Common", "src\ManticoreCapital.Transversal.Common\ManticoreCapital.Transversal.Common.csproj", "{CE62D747-B0CB-43D6-B9F7-5C0405571227}"
EndProject
Project("{9A19103F-16F7-4668-BE54-9A1E7A4F7556}") = "ManticoreCapital.Application.Main", "src\ManticoreCapital.Application.Main\ManticoreCapital.Application.Main.csproj", "{69E1F33C-1DE3-4BE7-B086-8ED8A348AADC}"
EndProject
Project("{9A19103F-16F7-4668-BE54-9A1E7A4F7556}") = "ManticoreCapital.Application.Dtos", "src\ManticoreCapital.Application.Dtos\ManticoreCapital.Application.Dtos.csproj", "{F5BB7BF3-9A8D-4600-86A3-76E45661511A}"
EndProject
Project("{9A19103F-16F7-4668-BE54-9A1E7A4F7556}") = "ManticoreCapital.Application.Interfaces", "src\ManticoreCapital.Application.Interfaces\ManticoreCapital.Application.Interfaces.csproj", "{AF48108B-B624-4FCB-AE03-3947814854F1}"
EndProject
Project("{9A19103F-16F7-4668-BE54-9A1E7A4F7556}") = "ManticoreCapital.Presentation", "src\ManticoreCapital.Presentation\ManticoreCapital.Presentation.csproj", "{9BA8D464-242E-4B59-841D-F7EDDF3EE190}"
EndProject
Project("{9A19103F-16F7-4668-BE54-9A1E7A4F7556}") = "ManticoreCapital.Transversal.IoC", "src\ManticoreCapital.Transversal.IoC\ManticoreCapital.Transversal.IoC.csproj", "{1A52016D-691E-486B-B76B-48B85DFD89A6}"
EndProject
Project("{9A19103F-16F7-4668-BE54-9A1E7A4F7556}") = "ManticoreCapital.Infrastructure.IoC", "src\ManticoreCapital.Infrastructure.IoC\ManticoreCapital.Infrastructure.IoC.csproj", "{BC741044-86CF-40E8-9C30-881C746ADBC7}"
EndProject
Project("{9A19103F-16F7-4668-BE54-9A1E7A4F7556}") = "ManticoreCapital.Application.IoC", "src\ManticoreCapital.Application.IoC\ManticoreCapital.Application.IoC.csproj", "{AA1A893F-4B68-498A-AEAB-B1F4F69D88BC}"
EndProject
Project("{9A19103F-16F7-4668-BE54-9A1E7A4F7556}") = "ManticoreCapital.Application.Mapping", "src\ManticoreCapital.Application.Mapping\ManticoreCapital.Application.Mapping.csproj", "{9536F1EF-A69B-4860-8C61-1DFF1218DDC2}"
EndProject
Project("{FAE04EC0-301F-11D3-BF4B-00C04F79EFBC}") = "ManticoreCapital.Domain.Entities", "src\ManticoreCapital.Domain.Entities\ManticoreCapital.Domain.Entities.csproj", "{2EA3BDD0-B4AB-460E-9652-AC54A6DFE22A}"
EndProject
Global
	GlobalSection(SolutionConfigurationPlatforms) = preSolution
		Debug|Any CPU = Debug|Any CPU
		Release|Any CPU = Release|Any CPU
	EndGlobalSection
	GlobalSection(ProjectConfigurationPlatforms) = postSolution
		{A8F11F87-2DAD-4D73-BAA2-39E5D7D34BA8}.Debug|Any CPU.ActiveCfg = Debug|Any CPU
		{A8F11F87-2DAD-4D73-BAA2-39E5D7D34BA8}.Debug|Any CPU.Build.0 = Debug|Any CPU
		{A8F11F87-2DAD-4D73-BAA2-39E5D7D34BA8}.Release|Any CPU.ActiveCfg = Release|Any CPU
		{A8F11F87-2DAD-4D73-BAA2-39E5D7D34BA8}.Release|Any CPU.Build.0 = Release|Any CPU
		{0016363A-A93C-48D4-B74D-3BE9DF0CC363}.Debug|Any CPU.ActiveCfg = Debug|Any CPU
		{0016363A-A93C-48D4-B74D-3BE9DF0CC363}.Debug|Any CPU.Build.0 = Debug|Any CPU
		{0016363A-A93C-48D4-B74D-3BE9DF0CC363}.Release|Any CPU.ActiveCfg = Release|Any CPU
		{0016363A-A93C-48D4-B74D-3BE9DF0CC363}.Release|Any CPU.Build.0 = Release|Any CPU
		{08D8EFBE-20FF-46D6-858E-47E3C883CD3F}.Debug|Any CPU.ActiveCfg = Debug|Any CPU
		{08D8EFBE-20FF-46D6-858E-47E3C883CD3F}.Debug|Any CPU.Build.0 = Debug|Any CPU
		{08D8EFBE-20FF-46D6-858E-47E3C883CD3F}.Release|Any CPU.ActiveCfg = Release|Any CPU
		{08D8EFBE-20FF-46D6-858E-47E3C883CD3F}.Release|Any CPU.Build.0 = Release|Any CPU
		{4286CA12-D5ED-480C-8A56-AF65CA1402D9}.Debug|Any CPU.ActiveCfg = Debug|Any CPU
		{4286CA12-D5ED-480C-8A56-AF65CA1402D9}.Debug|Any CPU.Build.0 = Debug|Any CPU
		{4286CA12-D5ED-480C-8A56-AF65CA1402D9}.Release|Any CPU.ActiveCfg = Release|Any CPU
		{4286CA12-D5ED-480C-8A56-AF65CA1402D9}.Release|Any CPU.Build.0 = Release|Any CPU
		{CE62D747-B0CB-43D6-B9F7-5C0405571227}.Debug|Any CPU.ActiveCfg = Debug|Any CPU
		{CE62D747-B0CB-43D6-B9F7-5C0405571227}.Debug|Any CPU.Build.0 = Debug|Any CPU
		{CE62D747-B0CB-43D6-B9F7-5C0405571227}.Release|Any CPU.ActiveCfg = Release|Any CPU
		{CE62D747-B0CB-43D6-B9F7-5C0405571227}.Release|Any CPU.Build.0 = Release|Any CPU
		{69E1F33C-1DE3-4BE7-B086-8ED8A348AADC}.Debug|Any CPU.ActiveCfg = Debug|Any CPU
		{69E1F33C-1DE3-4BE7-B086-8ED8A348AADC}.Debug|Any CPU.Build.0 = Debug|Any CPU
		{69E1F33C-1DE3-4BE7-B086-8ED8A348AADC}.Release|Any CPU.ActiveCfg = Release|Any CPU
		{69E1F33C-1DE3-4BE7-B086-8ED8A348AADC}.Release|Any CPU.Build.0 = Release|Any CPU
		{F5BB7BF3-9A8D-4600-86A3-76E45661511A}.Debug|Any CPU.ActiveCfg = Debug|Any CPU
		{F5BB7BF3-9A8D-4600-86A3-76E45661511A}.Debug|Any CPU.Build.0 = Debug|Any CPU
		{F5BB7BF3-9A8D-4600-86A3-76E45661511A}.Release|Any CPU.ActiveCfg = Release|Any CPU
		{F5BB7BF3-9A8D-4600-86A3-76E45661511A}.Release|Any CPU.Build.0 = Release|Any CPU
		{AF48108B-B624-4FCB-AE03-3947814854F1}.Debug|Any CPU.ActiveCfg = Debug|Any CPU
		{AF48108B-B624-4FCB-AE03-3947814854F1}.Debug|Any CPU.Build.0 = Debug|Any CPU
		{AF48108B-B624-4FCB-AE03-3947814854F1}.Release|Any CPU.ActiveCfg = Release|Any CPU
		{AF48108B-B624-4FCB-AE03-3947814854F1}.Release|Any CPU.Build.0 = Release|Any CPU
		{9BA8D464-242E-4B59-841D-F7EDDF3EE190}.Debug|Any CPU.ActiveCfg = Debug|Any CPU
		{9BA8D464-242E-4B59-841D-F7EDDF3EE190}.Debug|Any CPU.Build.0 = Debug|Any CPU
		{9BA8D464-242E-4B59-841D-F7EDDF3EE190}.Release|Any CPU.ActiveCfg = Release|Any CPU
		{9BA8D464-242E-4B59-841D-F7EDDF3EE190}.Release|Any CPU.Build.0 = Release|Any CPU
		{1A52016D-691E-486B-B76B-48B85DFD89A6}.Debug|Any CPU.ActiveCfg = Debug|Any CPU
		{1A52016D-691E-486B-B76B-48B85DFD89A6}.Debug|Any CPU.Build.0 = Debug|Any CPU
		{1A52016D-691E-486B-B76B-48B85DFD89A6}.Release|Any CPU.ActiveCfg = Release|Any CPU
		{1A52016D-691E-486B-B76B-48B85DFD89A6}.Release|Any CPU.Build.0 = Release|Any CPU
		{BC741044-86CF-40E8-9C30-881C746ADBC7}.Debug|Any CPU.ActiveCfg = Debug|Any CPU
		{BC741044-86CF-40E8-9C30-881C746ADBC7}.Debug|Any CPU.Build.0 = Debug|Any CPU
		{BC741044-86CF-40E8-9C30-881C746ADBC7}.Release|Any CPU.ActiveCfg = Release|Any CPU
		{BC741044-86CF-40E8-9C30-881C746ADBC7}.Release|Any CPU.Build.0 = Release|Any CPU
		{AA1A893F-4B68-498A-AEAB-B1F4F69D88BC}.Debug|Any CPU.ActiveCfg = Debug|Any CPU
		{AA1A893F-4B68-498A-AEAB-B1F4F69D88BC}.Debug|Any CPU.Build.0 = Debug|Any CPU
		{AA1A893F-4B68-498A-AEAB-B1F4F69D88BC}.Release|Any CPU.ActiveCfg = Release|Any CPU
		{AA1A893F-4B68-498A-AEAB-B1F4F69D88BC}.Release|Any CPU.Build.0 = Release|Any CPU
		{9536F1EF-A69B-4860-8C61-1DFF1218DDC2}.Debug|Any CPU.ActiveCfg = Debug|Any CPU
		{9536F1EF-A69B-4860-8C61-1DFF1218DDC2}.Debug|Any CPU.Build.0 = Debug|Any CPU
		{9536F1EF-A69B-4860-8C61-1DFF1218DDC2}.Release|Any CPU.ActiveCfg = Release|Any CPU
		{9536F1EF-A69B-4860-8C61-1DFF1218DDC2}.Release|Any CPU.Build.0 = Release|Any CPU
		{2EA3BDD0-B4AB-460E-9652-AC54A6DFE22A}.Debug|Any CPU.ActiveCfg = Debug|Any CPU
		{2EA3BDD0-B4AB-460E-9652-AC54A6DFE22A}.Debug|Any CPU.Build.0 = Debug|Any CPU
		{2EA3BDD0-B4AB-460E-9652-AC54A6DFE22A}.Release|Any CPU.ActiveCfg = Release|Any CPU
		{2EA3BDD0-B4AB-460E-9652-AC54A6DFE22A}.Release|Any CPU.Build.0 = Release|Any CPU
	EndGlobalSection
	GlobalSection(SolutionProperties) = preSolution
		HideSolutionNode = FALSE
	EndGlobalSection
	GlobalSection(ExtensibilityGlobals) = postSolution
		SolutionGuid = {41F4B8A4-A053-4F47-8EFB-586B8CA1BAC8}
	EndGlobalSection
EndGlobal
